// !$*UTF8*$!
{
	archiveVersion = 1;
	classes = {
	};
	objectVersion = 56;
	objects = {

/* Begin PBXBuildFile section */
		0EA075A5B878B0CA1B2EC4E1 /* libPods-Mediator.a in Frameworks */ = {isa = PBXBuildFile; fileRef = 8081FE5D7F08AAF727B0D634 /* libPods-Mediator.a */; };
		F8B114202BA81B72006EA355 /* AppDelegate.m in Sources */ = {isa = PBXBuildFile; fileRef = F8B1141F2BA81B72006EA355 /* AppDelegate.m */; };
		F8B114232BA81B72006EA355 /* SceneDelegate.m in Sources */ = {isa = PBXBuildFile; fileRef = F8B114222BA81B72006EA355 /* SceneDelegate.m */; };
		F8B114262BA81B72006EA355 /* ViewController.m in Sources */ = {isa = PBXBuildFile; fileRef = F8B114252BA81B72006EA355 /* ViewController.m */; };
		F8B114292BA81B72006EA355 /* Base in Resources */ = {isa = PBXBuildFile; fileRef = F8B114282BA81B72006EA355 /* Base */; };
		F8B1142B2BA81B73006EA355 /* Assets.xcassets in Resources */ = {isa = PBXBuildFile; fileRef = F8B1142A2BA81B73006EA355 /* Assets.xcassets */; };
		F8B1142E2BA81B73006EA355 /* Base in Resources */ = {isa = PBXBuildFile; fileRef = F8B1142D2BA81B73006EA355 /* Base */; };
		F8B114312BA81B73006EA355 /* main.m in Sources */ = {isa = PBXBuildFile; fileRef = F8B114302BA81B73006EA355 /* main.m */; };
		F8B114422BA81B81006EA355 /* ModelDemo.m in Sources */ = {isa = PBXBuildFile; fileRef = F8B114392BA81B81006EA355 /* ModelDemo.m */; };
		F8B114432BA81B81006EA355 /* TableViewDemo.m in Sources */ = {isa = PBXBuildFile; fileRef = F8B1143C2BA81B81006EA355 /* TableViewDemo.m */; };
		F8B114442BA81B81006EA355 /* TableViewCellDemo.m in Sources */ = {isa = PBXBuildFile; fileRef = F8B1143D2BA81B81006EA355 /* TableViewCellDemo.m */; };
		F8B114452BA81B81006EA355 /* NSObject+Mediator.m in Sources */ = {isa = PBXBuildFile; fileRef = F8B1143F2BA81B81006EA355 /* NSObject+Mediator.m */; };
		F8B114482BA81F59006EA355 /* BaseTableViewCell.m in Sources */ = {isa = PBXBuildFile; fileRef = F8B114472BA81F59006EA355 /* BaseTableViewCell.m */; };
		F8B114512BA82364006EA355 /* NSString+Demo.m in Sources */ = {isa = PBXBuildFile; fileRef = F8B114502BA82364006EA355 /* NSString+Demo.m */; };
/* End PBXBuildFile section */

/* Begin PBXFileReference section */
		38A06F255280F44114C23F8B /* Pods-Mediator.debug.xcconfig */ = {isa = PBXFileReference; includeInIndex = 1; lastKnownFileType = text.xcconfig; name = "Pods-Mediator.debug.xcconfig"; path = "Target Support Files/Pods-Mediator/Pods-Mediator.debug.xcconfig"; sourceTree = "<group>"; };
		8081FE5D7F08AAF727B0D634 /* libPods-Mediator.a */ = {isa = PBXFileReference; explicitFileType = archive.ar; includeInIndex = 0; path = "libPods-Mediator.a"; sourceTree = BUILT_PRODUCTS_DIR; };
		8BE03A8755FE8D9DDB8C2D50 /* Pods-Mediator.release.xcconfig */ = {isa = PBXFileReference; includeInIndex = 1; lastKnownFileType = text.xcconfig; name = "Pods-Mediator.release.xcconfig"; path = "Target Support Files/Pods-Mediator/Pods-Mediator.release.xcconfig"; sourceTree = "<group>"; };
		F8B1141B2BA81B72006EA355 /* Mediator.app */ = {isa = PBXFileReference; explicitFileType = wrapper.application; includeInIndex = 0; path = Mediator.app; sourceTree = BUILT_PRODUCTS_DIR; };
		F8B1141E2BA81B72006EA355 /* AppDelegate.h */ = {isa = PBXFileReference; lastKnownFileType = sourcecode.c.h; path = AppDelegate.h; sourceTree = "<group>"; };
		F8B1141F2BA81B72006EA355 /* AppDelegate.m */ = {isa = PBXFileReference; lastKnownFileType = sourcecode.c.objc; path = AppDelegate.m; sourceTree = "<group>"; };
		F8B114212BA81B72006EA355 /* SceneDelegate.h */ = {isa = PBXFileReference; lastKnownFileType = sourcecode.c.h; path = SceneDelegate.h; sourceTree = "<group>"; };
		F8B114222BA81B72006EA355 /* SceneDelegate.m */ = {isa = PBXFileReference; lastKnownFileType = sourcecode.c.objc; path = SceneDelegate.m; sourceTree = "<group>"; };
		F8B114242BA81B72006EA355 /* ViewController.h */ = {isa = PBXFileReference; lastKnownFileType = sourcecode.c.h; path = ViewController.h; sourceTree = "<group>"; };
		F8B114252BA81B72006EA355 /* ViewController.m */ = {isa = PBXFileReference; lastKnownFileType = sourcecode.c.objc; path = ViewController.m; sourceTree = "<group>"; };
		F8B114282BA81B72006EA355 /* Base */ = {isa = PBXFileReference; lastKnownFileType = file.storyboard; name = Base; path = Base.lproj/Main.storyboard; sourceTree = "<group>"; };
		F8B1142A2BA81B73006EA355 /* Assets.xcassets */ = {isa = PBXFileReference; lastKnownFileType = folder.assetcatalog; path = Assets.xcassets; sourceTree = "<group>"; };
		F8B1142D2BA81B73006EA355 /* Base */ = {isa = PBXFileReference; lastKnownFileType = file.storyboard; name = Base; path = Base.lproj/LaunchScreen.storyboard; sourceTree = "<group>"; };
		F8B1142F2BA81B73006EA355 /* Info.plist */ = {isa = PBXFileReference; lastKnownFileType = text.plist.xml; path = Info.plist; sourceTree = "<group>"; };
		F8B114302BA81B73006EA355 /* main.m */ = {isa = PBXFileReference; lastKnownFileType = sourcecode.c.objc; path = main.m; sourceTree = "<group>"; };
		F8B114382BA81B81006EA355 /* NSObject+Mediator.h */ = {isa = PBXFileReference; fileEncoding = 4; lastKnownFileType = sourcecode.c.h; path = "NSObject+Mediator.h"; sourceTree = "<group>"; };
		F8B114392BA81B81006EA355 /* ModelDemo.m */ = {isa = PBXFileReference; fileEncoding = 4; lastKnownFileType = sourcecode.c.objc; path = ModelDemo.m; sourceTree = "<group>"; };
		F8B1143A2BA81B81006EA355 /* ModelDemo.h */ = {isa = PBXFileReference; fileEncoding = 4; lastKnownFileType = sourcecode.c.h; path = ModelDemo.h; sourceTree = "<group>"; };
		F8B1143B2BA81B81006EA355 /* TableViewDemo.h */ = {isa = PBXFileReference; fileEncoding = 4; lastKnownFileType = sourcecode.c.h; path = TableViewDemo.h; sourceTree = "<group>"; };
		F8B1143C2BA81B81006EA355 /* TableViewDemo.m */ = {isa = PBXFileReference; fileEncoding = 4; lastKnownFileType = sourcecode.c.objc; path = TableViewDemo.m; sourceTree = "<group>"; };
		F8B1143D2BA81B81006EA355 /* TableViewCellDemo.m */ = {isa = PBXFileReference; fileEncoding = 4; lastKnownFileType = sourcecode.c.objc; path = TableViewCellDemo.m; sourceTree = "<group>"; };
		F8B1143E2BA81B81006EA355 /* TableViewCellDemo.h */ = {isa = PBXFileReference; fileEncoding = 4; lastKnownFileType = sourcecode.c.h; path = TableViewCellDemo.h; sourceTree = "<group>"; };
		F8B1143F2BA81B81006EA355 /* NSObject+Mediator.m */ = {isa = PBXFileReference; fileEncoding = 4; lastKnownFileType = sourcecode.c.objc; path = "NSObject+Mediator.m"; sourceTree = "<group>"; };
		F8B114462BA81F59006EA355 /* BaseTableViewCell.h */ = {isa = PBXFileReference; lastKnownFileType = sourcecode.c.h; path = BaseTableViewCell.h; sourceTree = "<group>"; };
		F8B114472BA81F59006EA355 /* BaseTableViewCell.m */ = {isa = PBXFileReference; lastKnownFileType = sourcecode.c.objc; path = BaseTableViewCell.m; sourceTree = "<group>"; };
		F8B1144F2BA82364006EA355 /* NSString+Demo.h */ = {isa = PBXFileReference; lastKnownFileType = sourcecode.c.h; path = "NSString+Demo.h"; sourceTree = "<group>"; };
		F8B114502BA82364006EA355 /* NSString+Demo.m */ = {isa = PBXFileReference; lastKnownFileType = sourcecode.c.objc; path = "NSString+Demo.m"; sourceTree = "<group>"; };
/* End PBXFileReference section */

/* Begin PBXFrameworksBuildPhase section */
		F8B114182BA81B72006EA355 /* Frameworks */ = {
			isa = PBXFrameworksBuildPhase;
			buildActionMask = 2147483647;
			files = (
				0EA075A5B878B0CA1B2EC4E1 /* libPods-Mediator.a in Frameworks */,
			);
			runOnlyForDeploymentPostprocessing = 0;
		};
/* End PBXFrameworksBuildPhase section */

/* Begin PBXGroup section */
		53B596EDA4CB878BB81D460B /* Pods */ = {
			isa = PBXGroup;
			children = (
				38A06F255280F44114C23F8B /* Pods-Mediator.debug.xcconfig */,
				8BE03A8755FE8D9DDB8C2D50 /* Pods-Mediator.release.xcconfig */,
			);
			path = Pods;
			sourceTree = "<group>";
		};
		E0A92D54EB8C229B745FA386 /* Frameworks */ = {
			isa = PBXGroup;
			children = (
				8081FE5D7F08AAF727B0D634 /* libPods-Mediator.a */,
			);
			name = Frameworks;
			sourceTree = "<group>";
		};
		F8B114122BA81B72006EA355 = {
			isa = PBXGroup;
			children = (
				F8B1141D2BA81B72006EA355 /* Mediator */,
				F8B1141C2BA81B72006EA355 /* Products */,
				53B596EDA4CB878BB81D460B /* Pods */,
				E0A92D54EB8C229B745FA386 /* Frameworks */,
			);
			sourceTree = "<group>";
		};
		F8B1141C2BA81B72006EA355 /* Products */ = {
			isa = PBXGroup;
			children = (
				F8B1141B2BA81B72006EA355 /* Mediator.app */,
			);
			name = Products;
			sourceTree = "<group>";
		};
		F8B1141D2BA81B72006EA355 /* Mediator */ = {
			isa = PBXGroup;
			children = (
				F8B1141E2BA81B72006EA355 /* AppDelegate.h */,
				F8B1141F2BA81B72006EA355 /* AppDelegate.m */,
				F8B114212BA81B72006EA355 /* SceneDelegate.h */,
				F8B114222BA81B72006EA355 /* SceneDelegate.m */,
				F8B114242BA81B72006EA355 /* ViewController.h */,
				F8B114252BA81B72006EA355 /* ViewController.m */,
				F8B1144F2BA82364006EA355 /* NSString+Demo.h */,
				F8B114502BA82364006EA355 /* NSString+Demo.m */,
				F8B1143A2BA81B81006EA355 /* ModelDemo.h */,
				F8B114392BA81B81006EA355 /* ModelDemo.m */,
				F8B1143B2BA81B81006EA355 /* TableViewDemo.h */,
				F8B1143C2BA81B81006EA355 /* TableViewDemo.m */,
				F8B1143E2BA81B81006EA355 /* TableViewCellDemo.h */,
				F8B1143D2BA81B81006EA355 /* TableViewCellDemo.m */,
				F8B114462BA81F59006EA355 /* BaseTableViewCell.h */,
				F8B114472BA81F59006EA355 /* BaseTableViewCell.m */,
				F8B114382BA81B81006EA355 /* NSObject+Mediator.h */,
				F8B1143F2BA81B81006EA355 /* NSObject+Mediator.m */,
				F8B114272BA81B72006EA355 /* Main.storyboard */,
				F8B1142A2BA81B73006EA355 /* Assets.xcassets */,
				F8B1142C2BA81B73006EA355 /* LaunchScreen.storyboard */,
				F8B1142F2BA81B73006EA355 /* Info.plist */,
				F8B114302BA81B73006EA355 /* main.m */,
			);
			path = Mediator;
			sourceTree = "<group>";
		};
/* End PBXGroup section */

/* Begin PBXNativeTarget section */
		F8B1141A2BA81B72006EA355 /* Mediator */ = {
			isa = PBXNativeTarget;
			buildConfigurationList = F8B114342BA81B73006EA355 /* Build configuration list for PBXNativeTarget "Mediator" */;
			buildPhases = (
				E4DE3C4F9ABAA45B4BED9C7E /* [CP] Check Pods Manifest.lock */,
				F8B114172BA81B72006EA355 /* Sources */,
				F8B114182BA81B72006EA355 /* Frameworks */,
				F8B114192BA81B72006EA355 /* Resources */,
			);
			buildRules = (
			);
			dependencies = (
			);
			name = Mediator;
			productName = Mediator;
			productReference = F8B1141B2BA81B72006EA355 /* Mediator.app */;
			productType = "com.apple.product-type.application";
		};
/* End PBXNativeTarget section */

/* Begin PBXProject section */
		F8B114132BA81B72006EA355 /* Project object */ = {
			isa = PBXProject;
			attributes = {
				BuildIndependentTargetsInParallel = 1;
				LastUpgradeCheck = 1530;
				TargetAttributes = {
					F8B1141A2BA81B72006EA355 = {
						CreatedOnToolsVersion = 15.3;
					};
				};
			};
			buildConfigurationList = F8B114162BA81B72006EA355 /* Build configuration list for PBXProject "Mediator" */;
			compatibilityVersion = "Xcode 14.0";
			developmentRegion = en;
			hasScannedForEncodings = 0;
			knownRegions = (
				en,
				Base,
			);
			mainGroup = F8B114122BA81B72006EA355;
			productRefGroup = F8B1141C2BA81B72006EA355 /* Products */;
			projectDirPath = "";
			projectRoot = "";
			targets = (
				F8B1141A2BA81B72006EA355 /* Mediator */,
			);
		};
/* End PBXProject section */

/* Begin PBXResourcesBuildPhase section */
		F8B114192BA81B72006EA355 /* Resources */ = {
			isa = PBXResourcesBuildPhase;
			buildActionMask = 2147483647;
			files = (
				F8B1142B2BA81B73006EA355 /* Assets.xcassets in Resources */,
				F8B1142E2BA81B73006EA355 /* Base in Resources */,
				F8B114292BA81B72006EA355 /* Base in Resources */,
			);
			runOnlyForDeploymentPostprocessing = 0;
		};
/* End PBXResourcesBuildPhase section */

/* Begin PBXShellScriptBuildPhase section */
		E4DE3C4F9ABAA45B4BED9C7E /* [CP] Check Pods Manifest.lock */ = {
			isa = PBXShellScriptBuildPhase;
			buildActionMask = 2147483647;
			files = (
			);
			inputFileListPaths = (
			);
			inputPaths = (
				"${PODS_PODFILE_DIR_PATH}/Podfile.lock",
				"${PODS_ROOT}/Manifest.lock",
			);
			name = "[CP] Check Pods Manifest.lock";
			outputFileListPaths = (
			);
			outputPaths = (
				"$(DERIVED_FILE_DIR)/Pods-Mediator-checkManifestLockResult.txt",
			);
			runOnlyForDeploymentPostprocessing = 0;
			shellPath = /bin/sh;
			shellScript = "diff \"${PODS_PODFILE_DIR_PATH}/Podfile.lock\" \"${PODS_ROOT}/Manifest.lock\" > /dev/null\nif [ $? != 0 ] ; then\n    # print error to STDERR\n    echo \"error: The sandbox is not in sync with the Podfile.lock. Run 'pod install' or update your CocoaPods installation.\" >&2\n    exit 1\nfi\n# This output is used by Xcode 'outputs' to avoid re-running this script phase.\necho \"SUCCESS\" > \"${SCRIPT_OUTPUT_FILE_0}\"\n";
			showEnvVarsInLog = 0;
		};
/* End PBXShellScriptBuildPhase section */

/* Begin PBXSourcesBuildPhase section */
		F8B114172BA81B72006EA355 /* Sources */ = {
			isa = PBXSourcesBuildPhase;
			buildActionMask = 2147483647;
			files = (
				F8B114482BA81F59006EA355 /* BaseTableViewCell.m in Sources */,
				F8B114432BA81B81006EA355 /* TableViewDemo.m in Sources */,
				F8B114512BA82364006EA355 /* NSString+Demo.m in Sources */,
				F8B114422BA81B81006EA355 /* ModelDemo.m in Sources */,
				F8B114262BA81B72006EA355 /* ViewController.m in Sources */,
				F8B114452BA81B81006EA355 /* NSObject+Mediator.m in Sources */,
				F8B114202BA81B72006EA355 /* AppDelegate.m in Sources */,
				F8B114312BA81B73006EA355 /* main.m in Sources */,
				F8B114442BA81B81006EA355 /* TableViewCellDemo.m in Sources */,
				F8B114232BA81B72006EA355 /* SceneDelegate.m in Sources */,
			);
			runOnlyForDeploymentPostprocessing = 0;
		};
/* End PBXSourcesBuildPhase section */

/* Begin PBXVariantGroup section */
		F8B114272BA81B72006EA355 /* Main.storyboard */ = {
			isa = PBXVariantGroup;
			children = (
				F8B114282BA81B72006EA355 /* Base */,
			);
			name = Main.storyboard;
			sourceTree = "<group>";
		};
		F8B1142C2BA81B73006EA355 /* LaunchScreen.storyboard */ = {
			isa = PBXVariantGroup;
			children = (
				F8B1142D2BA81B73006EA355 /* Base */,
			);
			name = LaunchScreen.storyboard;
			sourceTree = "<group>";
		};
/* End PBXVariantGroup section */

/* Begin XCBuildConfiguration section */
		F8B114322BA81B73006EA355 /* Debug */ = {
			isa = XCBuildConfiguration;
			buildSettings = {
				ALWAYS_SEARCH_USER_PATHS = NO;
				ASSETCATALOG_COMPILER_GENERATE_SWIFT_ASSET_SYMBOL_EXTENSIONS = YES;
				CLANG_ANALYZER_NONNULL = YES;
				CLANG_ANALYZER_NUMBER_OBJECT_CONVERSION = YES_AGGRESSIVE;
				CLANG_CXX_LANGUAGE_STANDARD = "gnu++20";
				CLANG_ENABLE_MODULES = YES;
				CLANG_ENABLE_OBJC_ARC = YES;
				CLANG_ENABLE_OBJC_WEAK = YES;
				CLANG_WARN_BLOCK_CAPTURE_AUTORELEASING = YES;
				CLANG_WARN_BOOL_CONVERSION = YES;
				CLANG_WARN_COMMA = YES;
				CLANG_WARN_CONSTANT_CONVERSION = YES;
				CLANG_WARN_DEPRECATED_OBJC_IMPLEMENTATIONS = YES;
				CLANG_WARN_DIRECT_OBJC_ISA_USAGE = YES_ERROR;
				CLANG_WARN_DOCUMENTATION_COMMENTS = YES;
				CLANG_WARN_EMPTY_BODY = YES;
				CLANG_WARN_ENUM_CONVERSION = YES;
				CLANG_WARN_INFINITE_RECURSION = YES;
				CLANG_WARN_INT_CONVERSION = YES;
				CLANG_WARN_NON_LITERAL_NULL_CONVERSION = YES;
				CLANG_WARN_OBJC_IMPLICIT_RETAIN_SELF = YES;
				CLANG_WARN_OBJC_LITERAL_CONVERSION = YES;
				CLANG_WARN_OBJC_ROOT_CLASS = YES_ERROR;
				CLANG_WARN_QUOTED_INCLUDE_IN_FRAMEWORK_HEADER = YES;
				CLANG_WARN_RANGE_LOOP_ANALYSIS = YES;
				CLANG_WARN_STRICT_PROTOTYPES = YES;
				CLANG_WARN_SUSPICIOUS_MOVE = YES;
				CLANG_WARN_UNGUARDED_AVAILABILITY = YES_AGGRESSIVE;
				CLANG_WARN_UNREACHABLE_CODE = YES;
				CLANG_WARN__DUPLICATE_METHOD_MATCH = YES;
				COPY_PHASE_STRIP = NO;
				DEBUG_INFORMATION_FORMAT = dwarf;
				ENABLE_STRICT_OBJC_MSGSEND = YES;
				ENABLE_TESTABILITY = YES;
				ENABLE_USER_SCRIPT_SANDBOXING = YES;
				GCC_C_LANGUAGE_STANDARD = gnu17;
				GCC_DYNAMIC_NO_PIC = NO;
				GCC_NO_COMMON_BLOCKS = YES;
				GCC_OPTIMIZATION_LEVEL = 0;
				GCC_PREPROCESSOR_DEFINITIONS = (
					"DEBUG=1",
					"$(inherited)",
				);
				GCC_WARN_64_TO_32_BIT_CONVERSION = YES;
				GCC_WARN_ABOUT_RETURN_TYPE = YES_ERROR;
				GCC_WARN_UNDECLARED_SELECTOR = YES;
				GCC_WARN_UNINITIALIZED_AUTOS = YES_AGGRESSIVE;
				GCC_WARN_UNUSED_FUNCTION = YES;
				GCC_WARN_UNUSED_VARIABLE = YES;
				IPHONEOS_DEPLOYMENT_TARGET = 17.4;
				LOCALIZATION_PREFERS_STRING_CATALOGS = YES;
				MTL_ENABLE_DEBUG_INFO = INCLUDE_SOURCE;
				MTL_FAST_MATH = YES;
				ONLY_ACTIVE_ARCH = YES;
				SDKROOT = iphoneos;
			};
			name = Debug;
		};
		F8B114332BA81B73006EA355 /* Release */ = {
			isa = XCBuildConfiguration;
			buildSettings = {
				ALWAYS_SEARCH_USER_PATHS = NO;
				ASSETCATALOG_COMPILER_GENERATE_SWIFT_ASSET_SYMBOL_EXTENSIONS = YES;
				CLANG_ANALYZER_NONNULL = YES;
				CLANG_ANALYZER_NUMBER_OBJECT_CONVERSION = YES_AGGRESSIVE;
				CLANG_CXX_LANGUAGE_STANDARD = "gnu++20";
				CLANG_ENABLE_MODULES = YES;
				CLANG_ENABLE_OBJC_ARC = YES;
				CLANG_ENABLE_OBJC_WEAK = YES;
				CLANG_WARN_BLOCK_CAPTURE_AUTORELEASING = YES;
				CLANG_WARN_BOOL_CONVERSION = YES;
				CLANG_WARN_COMMA = YES;
				CLANG_WARN_CONSTANT_CONVERSION = YES;
				CLANG_WARN_DEPRECATED_OBJC_IMPLEMENTATIONS = YES;
				CLANG_WARN_DIRECT_OBJC_ISA_USAGE = YES_ERROR;
				CLANG_WARN_DOCUMENTATION_COMMENTS = YES;
				CLANG_WARN_EMPTY_BODY = YES;
				CLANG_WARN_ENUM_CONVERSION = YES;
				CLANG_WARN_INFINITE_RECURSION = YES;
				CLANG_WARN_INT_CONVERSION = YES;
				CLANG_WARN_NON_LITERAL_NULL_CONVERSION = YES;
				CLANG_WARN_OBJC_IMPLICIT_RETAIN_SELF = YES;
				CLANG_WARN_OBJC_LITERAL_CONVERSION = YES;
				CLANG_WARN_OBJC_ROOT_CLASS = YES_ERROR;
				CLANG_WARN_QUOTED_INCLUDE_IN_FRAMEWORK_HEADER = YES;
				CLANG_WARN_RANGE_LOOP_ANALYSIS = YES;
				CLANG_WARN_STRICT_PROTOTYPES = YES;
				CLANG_WARN_SUSPICIOUS_MOVE = YES;
				CLANG_WARN_UNGUARDED_AVAILABILITY = YES_AGGRESSIVE;
				CLANG_WARN_UNREACHABLE_CODE = YES;
				CLANG_WARN__DUPLICATE_METHOD_MATCH = YES;
				COPY_PHASE_STRIP = NO;
				DEBUG_INFORMATION_FORMAT = "dwarf-with-dsym";
				ENABLE_NS_ASSERTIONS = NO;
				ENABLE_STRICT_OBJC_MSGSEND = YES;
				ENABLE_USER_SCRIPT_SANDBOXING = YES;
				GCC_C_LANGUAGE_STANDARD = gnu17;
				GCC_NO_COMMON_BLOCKS = YES;
				GCC_WARN_64_TO_32_BIT_CONVERSION = YES;
				GCC_WARN_ABOUT_RETURN_TYPE = YES_ERROR;
				GCC_WARN_UNDECLARED_SELECTOR = YES;
				GCC_WARN_UNINITIALIZED_AUTOS = YES_AGGRESSIVE;
				GCC_WARN_UNUSED_FUNCTION = YES;
				GCC_WARN_UNUSED_VARIABLE = YES;
				IPHONEOS_DEPLOYMENT_TARGET = 17.4;
				LOCALIZATION_PREFERS_STRING_CATALOGS = YES;
				MTL_ENABLE_DEBUG_INFO = NO;
				MTL_FAST_MATH = YES;
				SDKROOT = iphoneos;
				VALIDATE_PRODUCT = YES;
			};
			name = Release;
		};
		F8B114352BA81B73006EA355 /* Debug */ = {
			isa = XCBuildConfiguration;
			baseConfigurationReference = 38A06F255280F44114C23F8B /* Pods-Mediator.debug.xcconfig */;
			buildSettings = {
				ASSETCATALOG_COMPILER_APPICON_NAME = AppIcon;
				ASSETCATALOG_COMPILER_GLOBAL_ACCENT_COLOR_NAME = AccentColor;
				CODE_SIGN_STYLE = Automatic;
				CURRENT_PROJECT_VERSION = 1;
				GENERATE_INFOPLIST_FILE = YES;
				INFOPLIST_FILE = Mediator/Info.plist;
				INFOPLIST_KEY_UIApplicationSupportsIndirectInputEvents = YES;
				INFOPLIST_KEY_UILaunchStoryboardName = LaunchScreen;
				INFOPLIST_KEY_UIMainStoryboardFile = Main;
				INFOPLIST_KEY_UISupportedInterfaceOrientations_iPad = "UIInterfaceOrientationPortrait UIInterfaceOrientationPortraitUpsideDown UIInterfaceOrientationLandscapeLeft UIInterfaceOrientationLandscapeRight";
				INFOPLIST_KEY_UISupportedInterfaceOrientations_iPhone = "UIInterfaceOrientationPortrait UIInterfaceOrientationLandscapeLeft UIInterfaceOrientationLandscapeRight";
				IPHONEOS_DEPLOYMENT_TARGET = 13.0;
				LD_RUNPATH_SEARCH_PATHS = (
					"$(inherited)",
					"@executable_path/Frameworks",
				);
				MARKETING_VERSION = 1.0;
				PRODUCT_BUNDLE_IDENTIFIER = www.xw.Mediator;
				PRODUCT_NAME = "$(TARGET_NAME)";
				SWIFT_EMIT_LOC_STRINGS = YES;
				TARGETED_DEVICE_FAMILY = "1,2";
			};
			name = Debug;
		};
		F8B114362BA81B73006EA355 /* Release */ = {
			isa = XCBuildConfiguration;
			baseConfigurationReference = 8BE03A8755FE8D9DDB8C2D50 /* Pods-Mediator.release.xcconfig */;
			buildSettings = {
				ASSETCATALOG_COMPILER_APPICON_NAME = AppIcon;
				ASSETCATALOG_COMPILER_GLOBAL_ACCENT_COLOR_NAME = AccentColor;
				CODE_SIGN_STYLE = Automatic;
				CURRENT_PROJECT_VERSION = 1;
				GENERATE_INFOPLIST_FILE = YES;
				INFOPLIST_FILE = Mediator/Info.plist;
				INFOPLIST_KEY_UIApplicationSupportsIndirectInputEvents = YES;
				INFOPLIST_KEY_UILaunchStoryboardName = LaunchScreen;
				INFOPLIST_KEY_UIMainStoryboardFile = Main;
				INFOPLIST_KEY_UISupportedInterfaceOrientations_iPad = "UIInterfaceOrientationPortrait UIInterfaceOrientationPortraitUpsideDown UIInterfaceOrientationLandscapeLeft UIInterfaceOrientationLandscapeRight";
				INFOPLIST_KEY_UISupportedInterfaceOrientations_iPhone = "UIInterfaceOrientationPortrait UIInterfaceOrientationLandscapeLeft UIInterfaceOrientationLandscapeRight";
				IPHONEOS_DEPLOYMENT_TARGET = 13.0;
				LD_RUNPATH_SEARCH_PATHS = (
					"$(inherited)",
					"@executable_path/Frameworks",
				);
				MARKETING_VERSION = 1.0;
				PRODUCT_BUNDLE_IDENTIFIER = www.xw.Mediator;
				PRODUCT_NAME = "$(TARGET_NAME)";
				SWIFT_EMIT_LOC_STRINGS = YES;
				TARGETED_DEVICE_FAMILY = "1,2";
			};
			name = Release;
		};
/* End XCBuildConfiguration section */

/* Begin XCConfigurationList section */
		F8B114162BA81B72006EA355 /* Build configuration list for PBXProject "Mediator" */ = {
			isa = XCConfigurationList;
			buildConfigurations = (
				F8B114322BA81B73006EA355 /* Debug */,
				F8B114332BA81B73006EA355 /* Release */,
			);
			defaultConfigurationIsVisible = 0;
			defaultConfigurationName = Release;
		};
		F8B114342BA81B73006EA355 /* Build configuration list for PBXNativeTarget "Mediator" */ = {
			isa = XCConfigurationList;
			buildConfigurations = (
				F8B114352BA81B73006EA355 /* Debug */,
				F8B114362BA81B73006EA355 /* Release */,
			);
			defaultConfigurationIsVisible = 0;
			defaultConfigurationName = Release;
		};
/* End XCConfigurationList section */
	};
	rootObject = F8B114132BA81B72006EA355 /* Project object */;
}
